
Microsoft Visual Studio Solution File, Format Version 12.00
# Visual Studio Version 16
VisualStudioVersion = 16.0.30223.230
MinimumVisualStudioVersion = 10.0.40219.1
Project("{FAE04EC0-301F-11D3-BF4B-00C04F79EFBC}") = "DribblyAuthAPI", "DribblyAuthAPI\DribblyAuthAPI.csproj", "{0BF854FB-31D9-4A4B-A179-346315BC6924}"
EndProject
Project("{FAE04EC0-301F-11D3-BF4B-00C04F79EFBC}") = "Dribbly.Core", "Dribbly.Core\Dribbly.Core.csproj", "{8A887A9E-E256-4A63-ABE3-F8657B04E011}"
EndProject
Project("{FAE04EC0-301F-11D3-BF4B-00C04F79EFBC}") = "Dribbly.Email", "Dribbly.Email\Dribbly.Email.csproj", "{29F4A3CF-4259-46A5-B53B-D4E43EAB6F76}"
EndProject
Project("{FAE04EC0-301F-11D3-BF4B-00C04F79EFBC}") = "Dribbly.Service", "Dribbly.Service\Dribbly.Service.csproj", "{F170175A-6462-4CC7-BC99-E032A86165BA}"
EndProject
Project("{FAE04EC0-301F-11D3-BF4B-00C04F79EFBC}") = "Dribbly.Model", "Dribbly.Model\Dribbly.Model.csproj", "{5FE646E5-BAB0-4635-9161-671F0D73CBCC}"
EndProject
Project("{FAE04EC0-301F-11D3-BF4B-00C04F79EFBC}") = "Dribbly.Authentication", "Dribbly.Authentication\Dribbly.Authentication.csproj", "{2B76E33B-6725-4567-9F2B-23B09396F799}"
EndProject
Project("{FAE04EC0-301F-11D3-BF4B-00C04F79EFBC}") = "Dribbly.SMS", "Dribbly.SMS\Dribbly.SMS.csproj", "{E15C5BC6-174C-4D8E-B323-6D756BF8E69C}"
EndProject
Project("{FAE04EC0-301F-11D3-BF4B-00C04F79EFBC}") = "Dribbly.Test", "Dribbly.Test\Dribbly.Test.csproj", "{5BC8F0F6-4D32-4B00-96CE-680AEB068622}"
EndProject
Project("{FAE04EC0-301F-11D3-BF4B-00C04F79EFBC}") = "Dribbly.Identity", "Dribbly.Identity\Dribbly.Identity.csproj", "{06719069-2DB1-4144-B39D-A0FE7F5431F9}"
EndProject
Global
	GlobalSection(SolutionConfigurationPlatforms) = preSolution
		Debug|Any CPU = Debug|Any CPU
		Local|Any CPU = Local|Any CPU
		Release|Any CPU = Release|Any CPU
		Test|Any CPU = Test|Any CPU
	EndGlobalSection
	GlobalSection(ProjectConfigurationPlatforms) = postSolution
		{0BF854FB-31D9-4A4B-A179-346315BC6924}.Debug|Any CPU.ActiveCfg = Debug|Any CPU
		{0BF854FB-31D9-4A4B-A179-346315BC6924}.Debug|Any CPU.Build.0 = Debug|Any CPU
		{0BF854FB-31D9-4A4B-A179-346315BC6924}.Local|Any CPU.ActiveCfg = Local|Any CPU
		{0BF854FB-31D9-4A4B-A179-346315BC6924}.Local|Any CPU.Build.0 = Local|Any CPU
		{0BF854FB-31D9-4A4B-A179-346315BC6924}.Release|Any CPU.ActiveCfg = Release|Any CPU
		{0BF854FB-31D9-4A4B-A179-346315BC6924}.Release|Any CPU.Build.0 = Release|Any CPU
		{0BF854FB-31D9-4A4B-A179-346315BC6924}.Test|Any CPU.ActiveCfg = Test|Any CPU
		{0BF854FB-31D9-4A4B-A179-346315BC6924}.Test|Any CPU.Build.0 = Test|Any CPU
		{8A887A9E-E256-4A63-ABE3-F8657B04E011}.Debug|Any CPU.ActiveCfg = Debug|Any CPU
		{8A887A9E-E256-4A63-ABE3-F8657B04E011}.Debug|Any CPU.Build.0 = Debug|Any CPU
		{8A887A9E-E256-4A63-ABE3-F8657B04E011}.Local|Any CPU.ActiveCfg = Local|Any CPU
		{8A887A9E-E256-4A63-ABE3-F8657B04E011}.Local|Any CPU.Build.0 = Local|Any CPU
		{8A887A9E-E256-4A63-ABE3-F8657B04E011}.Release|Any CPU.ActiveCfg = Release|Any CPU
		{8A887A9E-E256-4A63-ABE3-F8657B04E011}.Release|Any CPU.Build.0 = Release|Any CPU
		{8A887A9E-E256-4A63-ABE3-F8657B04E011}.Test|Any CPU.ActiveCfg = Test|Any CPU
		{8A887A9E-E256-4A63-ABE3-F8657B04E011}.Test|Any CPU.Build.0 = Test|Any CPU
		{29F4A3CF-4259-46A5-B53B-D4E43EAB6F76}.Debug|Any CPU.ActiveCfg = Debug|Any CPU
		{29F4A3CF-4259-46A5-B53B-D4E43EAB6F76}.Debug|Any CPU.Build.0 = Debug|Any CPU
		{29F4A3CF-4259-46A5-B53B-D4E43EAB6F76}.Local|Any CPU.ActiveCfg = Local|Any CPU
		{29F4A3CF-4259-46A5-B53B-D4E43EAB6F76}.Local|Any CPU.Build.0 = Local|Any CPU
		{29F4A3CF-4259-46A5-B53B-D4E43EAB6F76}.Release|Any CPU.ActiveCfg = Release|Any CPU
		{29F4A3CF-4259-46A5-B53B-D4E43EAB6F76}.Release|Any CPU.Build.0 = Release|Any CPU
		{29F4A3CF-4259-46A5-B53B-D4E43EAB6F76}.Test|Any CPU.ActiveCfg = Test|Any CPU
		{29F4A3CF-4259-46A5-B53B-D4E43EAB6F76}.Test|Any CPU.Build.0 = Test|Any CPU
		{F170175A-6462-4CC7-BC99-E032A86165BA}.Debug|Any CPU.ActiveCfg = Debug|Any CPU
		{F170175A-6462-4CC7-BC99-E032A86165BA}.Debug|Any CPU.Build.0 = Debug|Any CPU
		{F170175A-6462-4CC7-BC99-E032A86165BA}.Local|Any CPU.ActiveCfg = Local|Any CPU
		{F170175A-6462-4CC7-BC99-E032A86165BA}.Local|Any CPU.Build.0 = Local|Any CPU
		{F170175A-6462-4CC7-BC99-E032A86165BA}.Release|Any CPU.ActiveCfg = Release|Any CPU
		{F170175A-6462-4CC7-BC99-E032A86165BA}.Release|Any CPU.Build.0 = Release|Any CPU
		{F170175A-6462-4CC7-BC99-E032A86165BA}.Test|Any CPU.ActiveCfg = Test|Any CPU
		{F170175A-6462-4CC7-BC99-E032A86165BA}.Test|Any CPU.Build.0 = Test|Any CPU
		{5FE646E5-BAB0-4635-9161-671F0D73CBCC}.Debug|Any CPU.ActiveCfg = Debug|Any CPU
		{5FE646E5-BAB0-4635-9161-671F0D73CBCC}.Debug|Any CPU.Build.0 = Debug|Any CPU
		{5FE646E5-BAB0-4635-9161-671F0D73CBCC}.Local|Any CPU.ActiveCfg = Local|Any CPU
		{5FE646E5-BAB0-4635-9161-671F0D73CBCC}.Local|Any CPU.Build.0 = Local|Any CPU
		{5FE646E5-BAB0-4635-9161-671F0D73CBCC}.Release|Any CPU.ActiveCfg = Release|Any CPU
		{5FE646E5-BAB0-4635-9161-671F0D73CBCC}.Release|Any CPU.Build.0 = Release|Any CPU
		{5FE646E5-BAB0-4635-9161-671F0D73CBCC}.Test|Any CPU.ActiveCfg = Test|Any CPU
		{5FE646E5-BAB0-4635-9161-671F0D73CBCC}.Test|Any CPU.Build.0 = Test|Any CPU
		{2B76E33B-6725-4567-9F2B-23B09396F799}.Debug|Any CPU.ActiveCfg = Debug|Any CPU
		{2B76E33B-6725-4567-9F2B-23B09396F799}.Debug|Any CPU.Build.0 = Debug|Any CPU
		{2B76E33B-6725-4567-9F2B-23B09396F799}.Local|Any CPU.ActiveCfg = Local|Any CPU
		{2B76E33B-6725-4567-9F2B-23B09396F799}.Local|Any CPU.Build.0 = Local|Any CPU
		{2B76E33B-6725-4567-9F2B-23B09396F799}.Release|Any CPU.ActiveCfg = Release|Any CPU
		{2B76E33B-6725-4567-9F2B-23B09396F799}.Release|Any CPU.Build.0 = Release|Any CPU
		{2B76E33B-6725-4567-9F2B-23B09396F799}.Test|Any CPU.ActiveCfg = Test|Any CPU
		{2B76E33B-6725-4567-9F2B-23B09396F799}.Test|Any CPU.Build.0 = Test|Any CPU
		{E15C5BC6-174C-4D8E-B323-6D756BF8E69C}.Debug|Any CPU.ActiveCfg = Debug|Any CPU
		{E15C5BC6-174C-4D8E-B323-6D756BF8E69C}.Debug|Any CPU.Build.0 = Debug|Any CPU
		{E15C5BC6-174C-4D8E-B323-6D756BF8E69C}.Local|Any CPU.ActiveCfg = Local|Any CPU
		{E15C5BC6-174C-4D8E-B323-6D756BF8E69C}.Local|Any CPU.Build.0 = Local|Any CPU
		{E15C5BC6-174C-4D8E-B323-6D756BF8E69C}.Release|Any CPU.ActiveCfg = Release|Any CPU
		{E15C5BC6-174C-4D8E-B323-6D756BF8E69C}.Release|Any CPU.Build.0 = Release|Any CPU
		{E15C5BC6-174C-4D8E-B323-6D756BF8E69C}.Test|Any CPU.ActiveCfg = Test|Any CPU
		{E15C5BC6-174C-4D8E-B323-6D756BF8E69C}.Test|Any CPU.Build.0 = Test|Any CPU
		{5BC8F0F6-4D32-4B00-96CE-680AEB068622}.Debug|Any CPU.ActiveCfg = Debug|Any CPU
		{5BC8F0F6-4D32-4B00-96CE-680AEB068622}.Debug|Any CPU.Build.0 = Debug|Any CPU
		{5BC8F0F6-4D32-4B00-96CE-680AEB068622}.Local|Any CPU.ActiveCfg = Local|Any CPU
		{5BC8F0F6-4D32-4B00-96CE-680AEB068622}.Local|Any CPU.Build.0 = Local|Any CPU
		{5BC8F0F6-4D32-4B00-96CE-680AEB068622}.Release|Any CPU.ActiveCfg = Release|Any CPU
		{5BC8F0F6-4D32-4B00-96CE-680AEB068622}.Release|Any CPU.Build.0 = Release|Any CPU
		{5BC8F0F6-4D32-4B00-96CE-680AEB068622}.Test|Any CPU.ActiveCfg = Test|Any CPU
		{5BC8F0F6-4D32-4B00-96CE-680AEB068622}.Test|Any CPU.Build.0 = Test|Any CPU
		{06719069-2DB1-4144-B39D-A0FE7F5431F9}.Debug|Any CPU.ActiveCfg = Debug|Any CPU
		{06719069-2DB1-4144-B39D-A0FE7F5431F9}.Debug|Any CPU.Build.0 = Debug|Any CPU
		{06719069-2DB1-4144-B39D-A0FE7F5431F9}.Local|Any CPU.ActiveCfg = Local|Any CPU
		{06719069-2DB1-4144-B39D-A0FE7F5431F9}.Local|Any CPU.Build.0 = Local|Any CPU
		{06719069-2DB1-4144-B39D-A0FE7F5431F9}.Release|Any CPU.ActiveCfg = Release|Any CPU
		{06719069-2DB1-4144-B39D-A0FE7F5431F9}.Release|Any CPU.Build.0 = Release|Any CPU
		{06719069-2DB1-4144-B39D-A0FE7F5431F9}.Test|Any CPU.ActiveCfg = Test|Any CPU
		{06719069-2DB1-4144-B39D-A0FE7F5431F9}.Test|Any CPU.Build.0 = Test|Any CPU
	EndGlobalSection
	GlobalSection(SolutionProperties) = preSolution
		HideSolutionNode = FALSE
	EndGlobalSection
	GlobalSection(ExtensibilityGlobals) = postSolution
		SolutionGuid = {7592D409-3343-4D87-8AE9-4C97B7AADA33}
	EndGlobalSection
EndGlobal
